PODS:
  - Alamofire (4.8.2)
  - ARInfoBox (0.0.4):
    - Alamofire (~> 4.7)

DEPENDENCIES:
  - ARInfoBox (~> 0.0.4)

SPEC REPOS:
  https://github.com/cocoapods/specs.git:
    - Alamofire
  https://github.com/happy-yuxuan/ARPodSpecs.git:
    - ARInfoBox

SPEC CHECKSUMS:
  Alamofire: ae5c501addb7afdbb13687d7f2f722c78734c2d3
  ARInfoBox: 2d992d28017d4ac0a4b1f53459ec172f058c0269

PODFILE CHECKSUM: 00327e665e2b4c3705b596b3d6a5345bbfe90a89

COCOAPODS: 1.6.1
