// !$*UTF8*$!
{
	archiveVersion = 1;
	classes = {
	};
	objectVersion = 50;
	objects = {

/* Begin PBXBuildFile section */
		720A7408225DCBE800DCA9D8 /* WorldTransformHelpers.swift in Sources */ = {isa = PBXBuildFile; fileRef = 720A7407225DCBE800DCA9D8 /* WorldTransformHelpers.swift */; };
		721AAF6222647A0D0051C145 /* Memory.swift in Sources */ = {isa = PBXBuildFile; fileRef = 721AAF6122647A0D0051C145 /* Memory.swift */; };
		721AAF702264C0350051C145 /* CPUInfo.swift in Sources */ = {isa = PBXBuildFile; fileRef = 721AAF6F2264C0350051C145 /* CPUInfo.swift */; };
		725EDA1C2266EF1B00193BEC /* UnixTimestampHelper.swift in Sources */ = {isa = PBXBuildFile; fileRef = 725EDA1B2266EF1B00193BEC /* UnixTimestampHelper.swift */; };
		72E7D8E9225C87F200C58C23 /* AppDelegate.swift in Sources */ = {isa = PBXBuildFile; fileRef = 72E7D8E8225C87F200C58C23 /* AppDelegate.swift */; };
		72E7D8ED225C87F200C58C23 /* ViewController.swift in Sources */ = {isa = PBXBuildFile; fileRef = 72E7D8EC225C87F200C58C23 /* ViewController.swift */; };
		72E7D8F0225C87F200C58C23 /* Main.storyboard in Resources */ = {isa = PBXBuildFile; fileRef = 72E7D8EE225C87F200C58C23 /* Main.storyboard */; };
		72E7D8F2225C87F400C58C23 /* Assets.xcassets in Resources */ = {isa = PBXBuildFile; fileRef = 72E7D8F1225C87F400C58C23 /* Assets.xcassets */; };
		72E7D8F5225C87F400C58C23 /* LaunchScreen.storyboard in Resources */ = {isa = PBXBuildFile; fileRef = 72E7D8F3225C87F400C58C23 /* LaunchScreen.storyboard */; };
		72E7D8FD225C88DC00C58C23 /* SCNVector3Math.swift in Sources */ = {isa = PBXBuildFile; fileRef = 72E7D8FC225C88DC00C58C23 /* SCNVector3Math.swift */; };
		72E7D8FF225C8BD400C58C23 /* SCNNodeHelpers.swift in Sources */ = {isa = PBXBuildFile; fileRef = 72E7D8FE225C8BD400C58C23 /* SCNNodeHelpers.swift */; };
		72E7D901225C979200C58C23 /* Furniture.scnassets in Resources */ = {isa = PBXBuildFile; fileRef = 72E7D900225C979200C58C23 /* Furniture.scnassets */; };
		72E7D903225C98C600C58C23 /* CustomButton.swift in Sources */ = {isa = PBXBuildFile; fileRef = 72E7D902225C98C600C58C23 /* CustomButton.swift */; };
		72E7D905225CC45600C58C23 /* UIViewControllerUtils.swift in Sources */ = {isa = PBXBuildFile; fileRef = 72E7D904225CC45600C58C23 /* UIViewControllerUtils.swift */; };
		AFC3CC55A26C34690C1798BF /* Pods_PutSomethingUsingAR.framework in Frameworks */ = {isa = PBXBuildFile; fileRef = FC2CD325D975259E865ED477 /* Pods_PutSomethingUsingAR.framework */; };
/* End PBXBuildFile section */

/* Begin PBXFileReference section */
		13D88187F3326C484914E3A1 /* Pods-PutSomethingUsingAR.release.xcconfig */ = {isa = PBXFileReference; includeInIndex = 1; lastKnownFileType = text.xcconfig; name = "Pods-PutSomethingUsingAR.release.xcconfig"; path = "Target Support Files/Pods-PutSomethingUsingAR/Pods-PutSomethingUsingAR.release.xcconfig"; sourceTree = "<group>"; };
		720A7407225DCBE800DCA9D8 /* WorldTransformHelpers.swift */ = {isa = PBXFileReference; lastKnownFileType = sourcecode.swift; path = WorldTransformHelpers.swift; sourceTree = "<group>"; };
		721AAF6122647A0D0051C145 /* Memory.swift */ = {isa = PBXFileReference; lastKnownFileType = sourcecode.swift; path = Memory.swift; sourceTree = "<group>"; };
		721AAF6F2264C0350051C145 /* CPUInfo.swift */ = {isa = PBXFileReference; lastKnownFileType = sourcecode.swift; path = CPUInfo.swift; sourceTree = "<group>"; };
		725EDA1B2266EF1B00193BEC /* UnixTimestampHelper.swift */ = {isa = PBXFileReference; lastKnownFileType = sourcecode.swift; path = UnixTimestampHelper.swift; sourceTree = "<group>"; };
		72E7D8E5225C87F200C58C23 /* PutSomethingUsingAR.app */ = {isa = PBXFileReference; explicitFileType = wrapper.application; includeInIndex = 0; path = PutSomethingUsingAR.app; sourceTree = BUILT_PRODUCTS_DIR; };
		72E7D8E8225C87F200C58C23 /* AppDelegate.swift */ = {isa = PBXFileReference; lastKnownFileType = sourcecode.swift; path = AppDelegate.swift; sourceTree = "<group>"; };
		72E7D8EC225C87F200C58C23 /* ViewController.swift */ = {isa = PBXFileReference; lastKnownFileType = sourcecode.swift; path = ViewController.swift; sourceTree = "<group>"; };
		72E7D8EF225C87F200C58C23 /* Base */ = {isa = PBXFileReference; lastKnownFileType = file.storyboard; name = Base; path = Base.lproj/Main.storyboard; sourceTree = "<group>"; };
		72E7D8F1225C87F400C58C23 /* Assets.xcassets */ = {isa = PBXFileReference; lastKnownFileType = folder.assetcatalog; path = Assets.xcassets; sourceTree = "<group>"; };
		72E7D8F4225C87F400C58C23 /* Base */ = {isa = PBXFileReference; lastKnownFileType = file.storyboard; name = Base; path = Base.lproj/LaunchScreen.storyboard; sourceTree = "<group>"; };
		72E7D8F6225C87F400C58C23 /* Info.plist */ = {isa = PBXFileReference; lastKnownFileType = text.plist.xml; path = Info.plist; sourceTree = "<group>"; };
		72E7D8FC225C88DC00C58C23 /* SCNVector3Math.swift */ = {isa = PBXFileReference; lastKnownFileType = sourcecode.swift; path = SCNVector3Math.swift; sourceTree = "<group>"; };
		72E7D8FE225C8BD400C58C23 /* SCNNodeHelpers.swift */ = {isa = PBXFileReference; lastKnownFileType = sourcecode.swift; path = SCNNodeHelpers.swift; sourceTree = "<group>"; };
		72E7D900225C979200C58C23 /* Furniture.scnassets */ = {isa = PBXFileReference; lastKnownFileType = wrapper.scnassets; path = Furniture.scnassets; sourceTree = "<group>"; };
		72E7D902225C98C600C58C23 /* CustomButton.swift */ = {isa = PBXFileReference; lastKnownFileType = sourcecode.swift; path = CustomButton.swift; sourceTree = "<group>"; };
		72E7D904225CC45600C58C23 /* UIViewControllerUtils.swift */ = {isa = PBXFileReference; lastKnownFileType = sourcecode.swift; path = UIViewControllerUtils.swift; sourceTree = "<group>"; };
		8597D1B7ACD3B8E87EF6A15D /* Pods-PutSomethingUsingAR.debug.xcconfig */ = {isa = PBXFileReference; includeInIndex = 1; lastKnownFileType = text.xcconfig; name = "Pods-PutSomethingUsingAR.debug.xcconfig"; path = "Target Support Files/Pods-PutSomethingUsingAR/Pods-PutSomethingUsingAR.debug.xcconfig"; sourceTree = "<group>"; };
		FC2CD325D975259E865ED477 /* Pods_PutSomethingUsingAR.framework */ = {isa = PBXFileReference; explicitFileType = wrapper.framework; includeInIndex = 0; path = Pods_PutSomethingUsingAR.framework; sourceTree = BUILT_PRODUCTS_DIR; };
/* End PBXFileReference section */

/* Begin PBXFrameworksBuildPhase section */
		72E7D8E2225C87F200C58C23 /* Frameworks */ = {
			isa = PBXFrameworksBuildPhase;
			buildActionMask = 2147483647;
			files = (
				AFC3CC55A26C34690C1798BF /* Pods_PutSomethingUsingAR.framework in Frameworks */,
			);
			runOnlyForDeploymentPostprocessing = 0;
		};
/* End PBXFrameworksBuildPhase section */

/* Begin PBXGroup section */
		614712D4EDC7836F0515C147 /* Pods */ = {
			isa = PBXGroup;
			children = (
				8597D1B7ACD3B8E87EF6A15D /* Pods-PutSomethingUsingAR.debug.xcconfig */,
				13D88187F3326C484914E3A1 /* Pods-PutSomethingUsingAR.release.xcconfig */,
			);
			path = Pods;
			sourceTree = "<group>";
		};
		721AAF60226479E50051C145 /* Model */ = {
			isa = PBXGroup;
			children = (
				721AAF6122647A0D0051C145 /* Memory.swift */,
				721AAF6F2264C0350051C145 /* CPUInfo.swift */,
			);
			path = Model;
			sourceTree = "<group>";
		};
		72A96DF5226037D100E8359A /* ClassExtension */ = {
			isa = PBXGroup;
			children = (
				72E7D8FC225C88DC00C58C23 /* SCNVector3Math.swift */,
				72E7D904225CC45600C58C23 /* UIViewControllerUtils.swift */,
			);
			path = ClassExtension;
			sourceTree = "<group>";
		};
		72A96DF62260380000E8359A /* CustomThings */ = {
			isa = PBXGroup;
			children = (
				72E7D902225C98C600C58C23 /* CustomButton.swift */,
			);
			path = CustomThings;
			sourceTree = "<group>";
		};
		72A96DF72260385200E8359A /* HelperMethod */ = {
			isa = PBXGroup;
			children = (
				72E7D8FE225C8BD400C58C23 /* SCNNodeHelpers.swift */,
				720A7407225DCBE800DCA9D8 /* WorldTransformHelpers.swift */,
				725EDA1B2266EF1B00193BEC /* UnixTimestampHelper.swift */,
			);
			path = HelperMethod;
			sourceTree = "<group>";
		};
		72E7D8DC225C87F200C58C23 = {
			isa = PBXGroup;
			children = (
				72E7D8E7225C87F200C58C23 /* PutSomethingUsingAR */,
				72E7D8E6225C87F200C58C23 /* Products */,
				614712D4EDC7836F0515C147 /* Pods */,
				D139FA6DB8E1BD599328A93A /* Frameworks */,
			);
			sourceTree = "<group>";
		};
		72E7D8E6225C87F200C58C23 /* Products */ = {
			isa = PBXGroup;
			children = (
				72E7D8E5225C87F200C58C23 /* PutSomethingUsingAR.app */,
			);
			name = Products;
			sourceTree = "<group>";
		};
		72E7D8E7225C87F200C58C23 /* PutSomethingUsingAR */ = {
			isa = PBXGroup;
			children = (
				721AAF60226479E50051C145 /* Model */,
				72E7D8E8225C87F200C58C23 /* AppDelegate.swift */,
				72E7D8EC225C87F200C58C23 /* ViewController.swift */,
				72E7D8EE225C87F200C58C23 /* Main.storyboard */,
				72A96DF5226037D100E8359A /* ClassExtension */,
				72A96DF72260385200E8359A /* HelperMethod */,
				72A96DF62260380000E8359A /* CustomThings */,
				72E7D8F1225C87F400C58C23 /* Assets.xcassets */,
				72E7D900225C979200C58C23 /* Furniture.scnassets */,
				72E7D8F3225C87F400C58C23 /* LaunchScreen.storyboard */,
				72E7D8F6225C87F400C58C23 /* Info.plist */,
			);
			path = PutSomethingUsingAR;
			sourceTree = "<group>";
		};
		D139FA6DB8E1BD599328A93A /* Frameworks */ = {
			isa = PBXGroup;
			children = (
				FC2CD325D975259E865ED477 /* Pods_PutSomethingUsingAR.framework */,
			);
			name = Frameworks;
			sourceTree = "<group>";
		};
/* End PBXGroup section */

/* Begin PBXNativeTarget section */
		72E7D8E4225C87F200C58C23 /* PutSomethingUsingAR */ = {
			isa = PBXNativeTarget;
			buildConfigurationList = 72E7D8F9225C87F400C58C23 /* Build configuration list for PBXNativeTarget "PutSomethingUsingAR" */;
			buildPhases = (
				86D2D5C00B32D282B4A99821 /* [CP] Check Pods Manifest.lock */,
				72E7D8E1225C87F200C58C23 /* Sources */,
				72E7D8E2225C87F200C58C23 /* Frameworks */,
				72E7D8E3225C87F200C58C23 /* Resources */,
				F30A854CD1B36417AE2050AE /* [CP] Embed Pods Frameworks */,
			);
			buildRules = (
			);
			dependencies = (
			);
			name = PutSomethingUsingAR;
			productName = PutSomethingUsingAR;
			productReference = 72E7D8E5225C87F200C58C23 /* PutSomethingUsingAR.app */;
			productType = "com.apple.product-type.application";
		};
/* End PBXNativeTarget section */

/* Begin PBXProject section */
		72E7D8DD225C87F200C58C23 /* Project object */ = {
			isa = PBXProject;
			attributes = {
				LastSwiftUpdateCheck = 1020;
				LastUpgradeCheck = 1020;
				ORGANIZATIONNAME = "Victor Wu";
				TargetAttributes = {
					72E7D8E4225C87F200C58C23 = {
						CreatedOnToolsVersion = 10.2;
					};
				};
			};
			buildConfigurationList = 72E7D8E0225C87F200C58C23 /* Build configuration list for PBXProject "PutSomethingUsingAR" */;
			compatibilityVersion = "Xcode 9.3";
			developmentRegion = en;
			hasScannedForEncodings = 0;
			knownRegions = (
				en,
				Base,
			);
			mainGroup = 72E7D8DC225C87F200C58C23;
			productRefGroup = 72E7D8E6225C87F200C58C23 /* Products */;
			projectDirPath = "";
			projectRoot = "";
			targets = (
				72E7D8E4225C87F200C58C23 /* PutSomethingUsingAR */,
			);
		};
/* End PBXProject section */

/* Begin PBXResourcesBuildPhase section */
		72E7D8E3225C87F200C58C23 /* Resources */ = {
			isa = PBXResourcesBuildPhase;
			buildActionMask = 2147483647;
			files = (
				72E7D901225C979200C58C23 /* Furniture.scnassets in Resources */,
				72E7D8F5225C87F400C58C23 /* LaunchScreen.storyboard in Resources */,
				72E7D8F2225C87F400C58C23 /* Assets.xcassets in Resources */,
				72E7D8F0225C87F200C58C23 /* Main.storyboard in Resources */,
			);
			runOnlyForDeploymentPostprocessing = 0;
		};
/* End PBXResourcesBuildPhase section */

/* Begin PBXShellScriptBuildPhase section */
		86D2D5C00B32D282B4A99821 /* [CP] Check Pods Manifest.lock */ = {
			isa = PBXShellScriptBuildPhase;
			buildActionMask = 2147483647;
			files = (
			);
			inputFileListPaths = (
			);
			inputPaths = (
				"${PODS_PODFILE_DIR_PATH}/Podfile.lock",
				"${PODS_ROOT}/Manifest.lock",
			);
			name = "[CP] Check Pods Manifest.lock";
			outputFileListPaths = (
			);
			outputPaths = (
				"$(DERIVED_FILE_DIR)/Pods-PutSomethingUsingAR-checkManifestLockResult.txt",
			);
			runOnlyForDeploymentPostprocessing = 0;
			shellPath = /bin/sh;
			shellScript = "diff \"${PODS_PODFILE_DIR_PATH}/Podfile.lock\" \"${PODS_ROOT}/Manifest.lock\" > /dev/null\nif [ $? != 0 ] ; then\n    # print error to STDERR\n    echo \"error: The sandbox is not in sync with the Podfile.lock. Run 'pod install' or update your CocoaPods installation.\" >&2\n    exit 1\nfi\n# This output is used by Xcode 'outputs' to avoid re-running this script phase.\necho \"SUCCESS\" > \"${SCRIPT_OUTPUT_FILE_0}\"\n";
			showEnvVarsInLog = 0;
		};
		F30A854CD1B36417AE2050AE /* [CP] Embed Pods Frameworks */ = {
			isa = PBXShellScriptBuildPhase;
			buildActionMask = 2147483647;
			files = (
			);
			inputFileListPaths = (
			);
			inputPaths = (
				"${PODS_ROOT}/Target Support Files/Pods-PutSomethingUsingAR/Pods-PutSomethingUsingAR-frameworks.sh",
				"${BUILT_PRODUCTS_DIR}/Alamofire/Alamofire.framework",
				"${BUILT_PRODUCTS_DIR}/SwiftyJSON/SwiftyJSON.framework",
			);
			name = "[CP] Embed Pods Frameworks";
			outputFileListPaths = (
			);
			outputPaths = (
				"${TARGET_BUILD_DIR}/${FRAMEWORKS_FOLDER_PATH}/Alamofire.framework",
				"${TARGET_BUILD_DIR}/${FRAMEWORKS_FOLDER_PATH}/SwiftyJSON.framework",
			);
			runOnlyForDeploymentPostprocessing = 0;
			shellPath = /bin/sh;
			shellScript = "\"${PODS_ROOT}/Target Support Files/Pods-PutSomethingUsingAR/Pods-PutSomethingUsingAR-frameworks.sh\"\n";
			showEnvVarsInLog = 0;
		};
/* End PBXShellScriptBuildPhase section */

/* Begin PBXSourcesBuildPhase section */
		72E7D8E1225C87F200C58C23 /* Sources */ = {
			isa = PBXSourcesBuildPhase;
			buildActionMask = 2147483647;
			files = (
				721AAF6222647A0D0051C145 /* Memory.swift in Sources */,
				72E7D905225CC45600C58C23 /* UIViewControllerUtils.swift in Sources */,
				725EDA1C2266EF1B00193BEC /* UnixTimestampHelper.swift in Sources */,
				72E7D8FF225C8BD400C58C23 /* SCNNodeHelpers.swift in Sources */,
				72E7D8FD225C88DC00C58C23 /* SCNVector3Math.swift in Sources */,
				720A7408225DCBE800DCA9D8 /* WorldTransformHelpers.swift in Sources */,
				721AAF702264C0350051C145 /* CPUInfo.swift in Sources */,
				72E7D8ED225C87F200C58C23 /* ViewController.swift in Sources */,
				72E7D8E9225C87F200C58C23 /* AppDelegate.swift in Sources */,
				72E7D903225C98C600C58C23 /* CustomButton.swift in Sources */,
			);
			runOnlyForDeploymentPostprocessing = 0;
		};
/* End PBXSourcesBuildPhase section */

/* Begin PBXVariantGroup section */
		72E7D8EE225C87F200C58C23 /* Main.storyboard */ = {
			isa = PBXVariantGroup;
			children = (
				72E7D8EF225C87F200C58C23 /* Base */,
			);
			name = Main.storyboard;
			sourceTree = "<group>";
		};
		72E7D8F3225C87F400C58C23 /* LaunchScreen.storyboard */ = {
			isa = PBXVariantGroup;
			children = (
				72E7D8F4225C87F400C58C23 /* Base */,
			);
			name = LaunchScreen.storyboard;
			sourceTree = "<group>";
		};
/* End PBXVariantGroup section */

/* Begin XCBuildConfiguration section */
		72E7D8F7225C87F400C58C23 /* Debug */ = {
			isa = XCBuildConfiguration;
			buildSettings = {
				ALWAYS_SEARCH_USER_PATHS = NO;
				CLANG_ANALYZER_NONNULL = YES;
				CLANG_ANALYZER_NUMBER_OBJECT_CONVERSION = YES_AGGRESSIVE;
				CLANG_CXX_LANGUAGE_STANDARD = "gnu++14";
				CLANG_CXX_LIBRARY = "libc++";
				CLANG_ENABLE_MODULES = YES;
				CLANG_ENABLE_OBJC_ARC = YES;
				CLANG_ENABLE_OBJC_WEAK = YES;
				CLANG_WARN_BLOCK_CAPTURE_AUTORELEASING = YES;
				CLANG_WARN_BOOL_CONVERSION = YES;
				CLANG_WARN_COMMA = YES;
				CLANG_WARN_CONSTANT_CONVERSION = YES;
				CLANG_WARN_DEPRECATED_OBJC_IMPLEMENTATIONS = YES;
				CLANG_WARN_DIRECT_OBJC_ISA_USAGE = YES_ERROR;
				CLANG_WARN_DOCUMENTATION_COMMENTS = YES;
				CLANG_WARN_EMPTY_BODY = YES;
				CLANG_WARN_ENUM_CONVERSION = YES;
				CLANG_WARN_INFINITE_RECURSION = YES;
				CLANG_WARN_INT_CONVERSION = YES;
				CLANG_WARN_NON_LITERAL_NULL_CONVERSION = YES;
				CLANG_WARN_OBJC_IMPLICIT_RETAIN_SELF = YES;
				CLANG_WARN_OBJC_LITERAL_CONVERSION = YES;
				CLANG_WARN_OBJC_ROOT_CLASS = YES_ERROR;
				CLANG_WARN_RANGE_LOOP_ANALYSIS = YES;
				CLANG_WARN_STRICT_PROTOTYPES = YES;
				CLANG_WARN_SUSPICIOUS_MOVE = YES;
				CLANG_WARN_UNGUARDED_AVAILABILITY = YES_AGGRESSIVE;
				CLANG_WARN_UNREACHABLE_CODE = YES;
				CLANG_WARN__DUPLICATE_METHOD_MATCH = YES;
				CODE_SIGN_IDENTITY = "iPhone Developer";
				COPY_PHASE_STRIP = NO;
				DEBUG_INFORMATION_FORMAT = dwarf;
				ENABLE_STRICT_OBJC_MSGSEND = YES;
				ENABLE_TESTABILITY = YES;
				GCC_C_LANGUAGE_STANDARD = gnu11;
				GCC_DYNAMIC_NO_PIC = NO;
				GCC_NO_COMMON_BLOCKS = YES;
				GCC_OPTIMIZATION_LEVEL = 0;
				GCC_PREPROCESSOR_DEFINITIONS = (
					"DEBUG=1",
					"$(inherited)",
				);
				GCC_WARN_64_TO_32_BIT_CONVERSION = YES;
				GCC_WARN_ABOUT_RETURN_TYPE = YES_ERROR;
				GCC_WARN_UNDECLARED_SELECTOR = YES;
				GCC_WARN_UNINITIALIZED_AUTOS = YES_AGGRESSIVE;
				GCC_WARN_UNUSED_FUNCTION = YES;
				GCC_WARN_UNUSED_VARIABLE = YES;
				IPHONEOS_DEPLOYMENT_TARGET = 12.2;
				MTL_ENABLE_DEBUG_INFO = INCLUDE_SOURCE;
				MTL_FAST_MATH = YES;
				ONLY_ACTIVE_ARCH = YES;
				SDKROOT = iphoneos;
				SWIFT_ACTIVE_COMPILATION_CONDITIONS = DEBUG;
				SWIFT_OPTIMIZATION_LEVEL = "-Onone";
			};
			name = Debug;
		};
		72E7D8F8225C87F400C58C23 /* Release */ = {
			isa = XCBuildConfiguration;
			buildSettings = {
				ALWAYS_SEARCH_USER_PATHS = NO;
				CLANG_ANALYZER_NONNULL = YES;
				CLANG_ANALYZER_NUMBER_OBJECT_CONVERSION = YES_AGGRESSIVE;
				CLANG_CXX_LANGUAGE_STANDARD = "gnu++14";
				CLANG_CXX_LIBRARY = "libc++";
				CLANG_ENABLE_MODULES = YES;
				CLANG_ENABLE_OBJC_ARC = YES;
				CLANG_ENABLE_OBJC_WEAK = YES;
				CLANG_WARN_BLOCK_CAPTURE_AUTORELEASING = YES;
				CLANG_WARN_BOOL_CONVERSION = YES;
				CLANG_WARN_COMMA = YES;
				CLANG_WARN_CONSTANT_CONVERSION = YES;
				CLANG_WARN_DEPRECATED_OBJC_IMPLEMENTATIONS = YES;
				CLANG_WARN_DIRECT_OBJC_ISA_USAGE = YES_ERROR;
				CLANG_WARN_DOCUMENTATION_COMMENTS = YES;
				CLANG_WARN_EMPTY_BODY = YES;
				CLANG_WARN_ENUM_CONVERSION = YES;
				CLANG_WARN_INFINITE_RECURSION = YES;
				CLANG_WARN_INT_CONVERSION = YES;
				CLANG_WARN_NON_LITERAL_NULL_CONVERSION = YES;
				CLANG_WARN_OBJC_IMPLICIT_RETAIN_SELF = YES;
				CLANG_WARN_OBJC_LITERAL_CONVERSION = YES;
				CLANG_WARN_OBJC_ROOT_CLASS = YES_ERROR;
				CLANG_WARN_RANGE_LOOP_ANALYSIS = YES;
				CLANG_WARN_STRICT_PROTOTYPES = YES;
				CLANG_WARN_SUSPICIOUS_MOVE = YES;
				CLANG_WARN_UNGUARDED_AVAILABILITY = YES_AGGRESSIVE;
				CLANG_WARN_UNREACHABLE_CODE = YES;
				CLANG_WARN__DUPLICATE_METHOD_MATCH = YES;
				CODE_SIGN_IDENTITY = "iPhone Developer";
				COPY_PHASE_STRIP = NO;
				DEBUG_INFORMATION_FORMAT = "dwarf-with-dsym";
				ENABLE_NS_ASSERTIONS = NO;
				ENABLE_STRICT_OBJC_MSGSEND = YES;
				GCC_C_LANGUAGE_STANDARD = gnu11;
				GCC_NO_COMMON_BLOCKS = YES;
				GCC_WARN_64_TO_32_BIT_CONVERSION = YES;
				GCC_WARN_ABOUT_RETURN_TYPE = YES_ERROR;
				GCC_WARN_UNDECLARED_SELECTOR = YES;
				GCC_WARN_UNINITIALIZED_AUTOS = YES_AGGRESSIVE;
				GCC_WARN_UNUSED_FUNCTION = YES;
				GCC_WARN_UNUSED_VARIABLE = YES;
				IPHONEOS_DEPLOYMENT_TARGET = 12.2;
				MTL_ENABLE_DEBUG_INFO = NO;
				MTL_FAST_MATH = YES;
				SDKROOT = iphoneos;
				SWIFT_COMPILATION_MODE = wholemodule;
				SWIFT_OPTIMIZATION_LEVEL = "-O";
				VALIDATE_PRODUCT = YES;
			};
			name = Release;
		};
		72E7D8FA225C87F400C58C23 /* Debug */ = {
			isa = XCBuildConfiguration;
			baseConfigurationReference = 8597D1B7ACD3B8E87EF6A15D /* Pods-PutSomethingUsingAR.debug.xcconfig */;
			buildSettings = {
				ASSETCATALOG_COMPILER_APPICON_NAME = AppIcon;
				CODE_SIGN_STYLE = Automatic;
				DEVELOPMENT_TEAM = J64UR73K74;
				INFOPLIST_FILE = PutSomethingUsingAR/Info.plist;
				IPHONEOS_DEPLOYMENT_TARGET = 12.0;
				LD_RUNPATH_SEARCH_PATHS = (
					"$(inherited)",
					"@executable_path/Frameworks",
				);
				PRODUCT_BUNDLE_IDENTIFIER = com.victorwu.PutSomethingUsingAR;
				PRODUCT_NAME = "$(TARGET_NAME)";
				SWIFT_VERSION = 5.0;
				TARGETED_DEVICE_FAMILY = "1,2";
			};
			name = Debug;
		};
		72E7D8FB225C87F400C58C23 /* Release */ = {
			isa = XCBuildConfiguration;
			baseConfigurationReference = 13D88187F3326C484914E3A1 /* Pods-PutSomethingUsingAR.release.xcconfig */;
			buildSettings = {
				ASSETCATALOG_COMPILER_APPICON_NAME = AppIcon;
				CODE_SIGN_STYLE = Automatic;
				DEVELOPMENT_TEAM = J64UR73K74;
				INFOPLIST_FILE = PutSomethingUsingAR/Info.plist;
				IPHONEOS_DEPLOYMENT_TARGET = 12.0;
				LD_RUNPATH_SEARCH_PATHS = (
					"$(inherited)",
					"@executable_path/Frameworks",
				);
				PRODUCT_BUNDLE_IDENTIFIER = com.victorwu.PutSomethingUsingAR;
				PRODUCT_NAME = "$(TARGET_NAME)";
				SWIFT_VERSION = 5.0;
				TARGETED_DEVICE_FAMILY = "1,2";
			};
			name = Release;
		};
/* End XCBuildConfiguration section */

/* Begin XCConfigurationList section */
		72E7D8E0225C87F200C58C23 /* Build configuration list for PBXProject "PutSomethingUsingAR" */ = {
			isa = XCConfigurationList;
			buildConfigurations = (
				72E7D8F7225C87F400C58C23 /* Debug */,
				72E7D8F8225C87F400C58C23 /* Release */,
			);
			defaultConfigurationIsVisible = 0;
			defaultConfigurationName = Release;
		};
		72E7D8F9225C87F400C58C23 /* Build configuration list for PBXNativeTarget "PutSomethingUsingAR" */ = {
			isa = XCConfigurationList;
			buildConfigurations = (
				72E7D8FA225C87F400C58C23 /* Debug */,
				72E7D8FB225C87F400C58C23 /* Release */,
			);
			defaultConfigurationIsVisible = 0;
			defaultConfigurationName = Release;
		};
/* End XCConfigurationList section */
	};
	rootObject = 72E7D8DD225C87F200C58C23 /* Project object */;
}
